{
  "name": "Achievement-Watcher-Updater",
  "version": "1.2.2",
  "lockfileVersion": 2,
  "requires": true,
  "packages": {
    "": {
      "name": "Achievement-Watcher-Updater",
      "version": "1.2.2",
      "license": "LGPL-3.0-only",
      "dependencies": {
        "@xan105/log": "^1.0.2",
        "asar-node": "^2.1.3",
        "minimist": "^1.2.6",
        "powerballoon": "^1.0.4",
        "powertoast": "^1.2.3",
        "request-zero": "^0.3.2",
        "single-instance": "0.0.1",
        "win-tasklist": "^1.0.1"
      },
      "devDependencies": {}
    },
    "node_modules/@xan105/log": {
      "version": "1.0.2",
      "resolved": "https://registry.npmjs.org/@xan105/log/-/log-1.0.2.tgz",
      "integrity": "sha512-3hWS+jJeVO0EgMpkDN+AtZLYaCZURWYV8MVQzQxlSQpazralhCb0yk/sjHbjbvVJYZH1R5itUeFUfNbNq4qcJA==",
      "engines": {
        "node": ">=0.12"
      }
    },
    "node_modules/asar-node": {
      "version": "2.1.3",
      "resolved": "https://registry.npmjs.org/asar-node/-/asar-node-2.1.3.tgz",
      "integrity": "sha512-VqiXjSGV3TkKAO+g21TKijVgvUi/IVQpHZUXoqOk46qMKeX9N8Vlg20xP0FsS6aLiCTZziK0TtPpzVOSvd5saA==",
      "bin": {
        "asar-node": "bin/asar-node.js"
      }
    },
    "node_modules/minimist": {
      "version": "1.2.6",
      "resolved": "https://registry.npmjs.org/minimist/-/minimist-1.2.6.tgz",
      "integrity": "sha512-Jsjnk4bw3YJqYzbdyBiNsPWHPfO++UGG749Cxs6peCu5Xg4nrena6OVxOYxrQTqww0Jmwt+Ref8rggumkTLz9Q=="
    },
    "node_modules/powerballoon": {
      "version": "1.0.4",
      "resolved": "https://registry.npmjs.org/powerballoon/-/powerballoon-1.0.4.tgz",
      "integrity": "sha512-htoRCDz07/ajeZC4MrZFFYvDJLTWlpOdLnz2w/4Sl5GC4pMt5hrIiO4Hm9+Up5dtDbJypUGjvQAkG6SOb58BYA==",
      "deprecated": "This package is no longer maintained",
      "os": [
        "win32"
      ],
      "engines": {
        "node": ">=0.12"
      }
    },
    "node_modules/powertoast": {
      "version": "1.2.3",
      "resolved": "https://registry.npmjs.org/powertoast/-/powertoast-1.2.3.tgz",
      "integrity": "sha512-3p5m3ltqeEaQQbjMVNSyA9i4f52OgGVu5MK6IERWtX9L5+oFLwEb9gnQHDoNv+clTPDqhS3As5vJ0fTbZrCo5w==",
      "os": [
        "win32"
      ],
      "engines": {
        "node": ">=0.12"
      },
      "peerDependencies": {
        "@nodert-win10-rs4/windows.data.xml.dom": "^0.4.4",
        "@nodert-win10-rs4/windows.ui.notifications": "^0.4.4"
      },
      "peerDependenciesMeta": {
        "@nodert-win10-rs4/windows.data.xml.dom": {
          "optional": true
        },
        "@nodert-win10-rs4/windows.ui.notifications": {
          "optional": true
        }
      }
    },
    "node_modules/request-zero": {
      "version": "0.3.2",
      "resolved": "https://registry.npmjs.org/request-zero/-/request-zero-0.3.2.tgz",
      "integrity": "sha512-jRJV7y027UviaUY5L1vWmbi7QwQ0XeD4xRVZwsV2Ohjru8qbrl6EECr09LXDwZ4WVJFOHI2VvQ3AtTd7OQQ9ig==",
      "deprecated": "This project has been renamed to @xan105/request. Install using @xan105/request instead",
      "engines": {
        "node": ">=0.12"
      },
      "peerDependencies": {
        "webtorrent": "^0.108.6",
        "xml2js": "^0.4.23"
      },
      "peerDependenciesMeta": {
        "webtorrent": {
          "optional": true
        },
        "xml2js": {
          "optional": true
        }
      }
    },
    "node_modules/rsvp": {
      "version": "3.6.2",
      "resolved": "https://registry.npmjs.org/rsvp/-/rsvp-3.6.2.tgz",
      "integrity": "sha512-OfWGQTb9vnwRjwtA2QwpG2ICclHC3pgXZO5xt8H2EfgDquO0qVdSb5T88L4qJVAEugbS56pAuV4XZM58UX8ulw==",
      "engines": {
        "node": "0.12.* || 4.* || 6.* || >= 7.*"
      }
    },
    "node_modules/single-instance": {
      "version": "0.0.1",
      "resolved": "https://registry.npmjs.org/single-instance/-/single-instance-0.0.1.tgz",
      "integrity": "sha1-7w8Gc/6YALZ1NEXZcFjSU/XUuO0=",
      "dependencies": {
        "rsvp": "^3.1.0"
      }
    },
    "node_modules/win-tasklist": {
      "version": "1.0.1",
      "resolved": "https://registry.npmjs.org/win-tasklist/-/win-tasklist-1.0.1.tgz",
      "integrity": "sha512-O9LbR2Ow+xt3BSwy6FVaXkckvvti/n6Fm32oJjJHywwzdTXWIXZLqOLXOT6qeztBLXwt5pgwfAAXTu8CTj2ivg==",
      "deprecated": "This package is no longer maintained",
      "os": [
        "win32"
      ],
      "engines": {
        "node": ">=0.12"
      }
    }
  },
  "dependencies": {
    "@xan105/log": {
      "version": "1.0.2",
      "resolved": "https://registry.npmjs.org/@xan105/log/-/log-1.0.2.tgz",
      "integrity": "sha512-3hWS+jJeVO0EgMpkDN+AtZLYaCZURWYV8MVQzQxlSQpazralhCb0yk/sjHbjbvVJYZH1R5itUeFUfNbNq4qcJA=="
    },
    "asar-node": {
      "version": "2.1.3",
      "resolved": "https://registry.npmjs.org/asar-node/-/asar-node-2.1.3.tgz",
      "integrity": "sha512-VqiXjSGV3TkKAO+g21TKijVgvUi/IVQpHZUXoqOk46qMKeX9N8Vlg20xP0FsS6aLiCTZziK0TtPpzVOSvd5saA=="
    },
    "minimist": {
      "version": "1.2.6",
      "resolved": "https://registry.npmjs.org/minimist/-/minimist-1.2.6.tgz",
      "integrity": "sha512-Jsjnk4bw3YJqYzbdyBiNsPWHPfO++UGG749Cxs6peCu5Xg4nrena6OVxOYxrQTqww0Jmwt+Ref8rggumkTLz9Q=="
    },
    "powerballoon": {
      "version": "1.0.4",
      "resolved": "https://registry.npmjs.org/powerballoon/-/powerballoon-1.0.4.tgz",
      "integrity": "sha512-htoRCDz07/ajeZC4MrZFFYvDJLTWlpOdLnz2w/4Sl5GC4pMt5hrIiO4Hm9+Up5dtDbJypUGjvQAkG6SOb58BYA=="
    },
    "powertoast": {
      "version": "1.2.3",
      "resolved": "https://registry.npmjs.org/powertoast/-/powertoast-1.2.3.tgz",
      "integrity": "sha512-3p5m3ltqeEaQQbjMVNSyA9i4f52OgGVu5MK6IERWtX9L5+oFLwEb9gnQHDoNv+clTPDqhS3As5vJ0fTbZrCo5w==",
      "requires": {}
    },
    "request-zero": {
      "version": "0.3.2",
      "resolved": "https://registry.npmjs.org/request-zero/-/request-zero-0.3.2.tgz",
      "integrity": "sha512-jRJV7y027UviaUY5L1vWmbi7QwQ0XeD4xRVZwsV2Ohjru8qbrl6EECr09LXDwZ4WVJFOHI2VvQ3AtTd7OQQ9ig==",
      "requires": {}
    },
    "rsvp": {
      "version": "3.6.2",
      "resolved": "https://registry.npmjs.org/rsvp/-/rsvp-3.6.2.tgz",
      "integrity": "sha512-OfWGQTb9vnwRjwtA2QwpG2ICclHC3pgXZO5xt8H2EfgDquO0qVdSb5T88L4qJVAEugbS56pAuV4XZM58UX8ulw=="
    },
    "single-instance": {
      "version": "0.0.1",
      "resolved": "https://registry.npmjs.org/single-instance/-/single-instance-0.0.1.tgz",
      "integrity": "sha1-7w8Gc/6YALZ1NEXZcFjSU/XUuO0=",
      "requires": {
        "rsvp": "^3.1.0"
      }
    },
    "win-tasklist": {
      "version": "1.0.1",
      "resolved": "https://registry.npmjs.org/win-tasklist/-/win-tasklist-1.0.1.tgz",
      "integrity": "sha512-O9LbR2Ow+xt3BSwy6FVaXkckvvti/n6Fm32oJjJHywwzdTXWIXZLqOLXOT6qeztBLXwt5pgwfAAXTu8CTj2ivg=="
    }
  }
}
