{
  "name": "Achievement-Watcher-Updater",
  "version": "1.2.2",
  "lockfileVersion": 1,
  "requires": true,
  "dependencies": {
    "@xan105/log": {
      "version": "1.0.2",
      "resolved": "https://registry.npmjs.org/@xan105/log/-/log-1.0.2.tgz",
      "integrity": "sha512-3hWS+jJeVO0EgMpkDN+AtZLYaCZURWYV8MVQzQxlSQpazralhCb0yk/sjHbjbvVJYZH1R5itUeFUfNbNq4qcJA=="
    },
    "asar-node": {
      "version": "2.1.3",
      "resolved": "https://registry.npmjs.org/asar-node/-/asar-node-2.1.3.tgz",
      "integrity": "sha512-VqiXjSGV3TkKAO+g21TKijVgvUi/IVQpHZUXoqOk46qMKeX9N8Vlg20xP0FsS6aLiCTZziK0TtPpzVOSvd5saA=="
    },
    "minimist": {
      "version": "1.2.5",
      "resolved": "https://registry.npmjs.org/minimist/-/minimist-1.2.5.tgz",
      "integrity": "sha512-FM9nNUYrRBAELZQT3xeZQ7fmMOBg6nWNmJKTcgsJeaLstP/UODVpGsr5OhXhhXg6f+qtJ8uiZ+PUxkDWcgIXLw=="
    },
    "powerballoon": {
      "version": "1.0.4",
      "resolved": "https://registry.npmjs.org/powerballoon/-/powerballoon-1.0.4.tgz",
      "integrity": "sha512-htoRCDz07/ajeZC4MrZFFYvDJLTWlpOdLnz2w/4Sl5GC4pMt5hrIiO4Hm9+Up5dtDbJypUGjvQAkG6SOb58BYA=="
    },
    "powertoast": {
      "version": "1.2.3",
      "resolved": "https://registry.npmjs.org/powertoast/-/powertoast-1.2.3.tgz",
      "integrity": "sha512-3p5m3ltqeEaQQbjMVNSyA9i4f52OgGVu5MK6IERWtX9L5+oFLwEb9gnQHDoNv+clTPDqhS3As5vJ0fTbZrCo5w=="
    },
    "request-zero": {
      "version": "0.3.2",
      "resolved": "https://registry.npmjs.org/request-zero/-/request-zero-0.3.2.tgz",
      "integrity": "sha512-jRJV7y027UviaUY5L1vWmbi7QwQ0XeD4xRVZwsV2Ohjru8qbrl6EECr09LXDwZ4WVJFOHI2VvQ3AtTd7OQQ9ig=="
    },
    "rsvp": {
      "version": "3.6.2",
      "resolved": "https://registry.npmjs.org/rsvp/-/rsvp-3.6.2.tgz",
      "integrity": "sha512-OfWGQTb9vnwRjwtA2QwpG2ICclHC3pgXZO5xt8H2EfgDquO0qVdSb5T88L4qJVAEugbS56pAuV4XZM58UX8ulw=="
    },
    "single-instance": {
      "version": "0.0.1",
      "resolved": "https://registry.npmjs.org/single-instance/-/single-instance-0.0.1.tgz",
      "integrity": "sha1-7w8Gc/6YALZ1NEXZcFjSU/XUuO0=",
      "requires": {
        "rsvp": "^3.1.0"
      }
    },
    "win-tasklist": {
      "version": "1.0.1",
      "resolved": "https://registry.npmjs.org/win-tasklist/-/win-tasklist-1.0.1.tgz",
      "integrity": "sha512-O9LbR2Ow+xt3BSwy6FVaXkckvvti/n6Fm32oJjJHywwzdTXWIXZLqOLXOT6qeztBLXwt5pgwfAAXTu8CTj2ivg=="
    }
  }
}
